// !$*UTF8*$!
{
	archiveVersion = 1;
	classes = {
	};
	objectVersion = 50;
	objects = {

/* Begin PBXBuildFile section */
		19A60B7222BC4BFC00BB2F90 /* AppDelegate.swift in Sources */ = {isa = PBXBuildFile; fileRef = 19A60B7122BC4BFC00BB2F90 /* AppDelegate.swift */; };
		19A60B7422BC4BFC00BB2F90 /* DataController.swift in Sources */ = {isa = PBXBuildFile; fileRef = 19A60B7322BC4BFC00BB2F90 /* DataController.swift */; };
		19A60B7722BC4BFC00BB2F90 /* Main.storyboard in Resources */ = {isa = PBXBuildFile; fileRef = 19A60B7522BC4BFC00BB2F90 /* Main.storyboard */; };
		19A60B7922BC4C1000BB2F90 /* Assets.xcassets in Resources */ = {isa = PBXBuildFile; fileRef = 19A60B7822BC4C1000BB2F90 /* Assets.xcassets */; };
		19A60B7C22BC4C1000BB2F90 /* LaunchScreen.storyboard in Resources */ = {isa = PBXBuildFile; fileRef = 19A60B7A22BC4C1000BB2F90 /* LaunchScreen.storyboard */; };
		19A60B8522BC4EB400BB2F90 /* Network.swift in Sources */ = {isa = PBXBuildFile; fileRef = 19A60B8422BC4EB300BB2F90 /* Network.swift */; };
		19A60B8722BC4F1400BB2F90 /* SearchPhotoResponse.swift in Sources */ = {isa = PBXBuildFile; fileRef = 19A60B8622BC4F1400BB2F90 /* SearchPhotoResponse.swift */; };
		19B0B63522BDA0940029A8CD /* PhotoCollectionViewCell.swift in Sources */ = {isa = PBXBuildFile; fileRef = 19B0B63422BDA0940029A8CD /* PhotoCollectionViewCell.swift */; };
		19B0B63A22BDA4C40029A8CD /* MapState.swift in Sources */ = {isa = PBXBuildFile; fileRef = 19B0B63922BDA4C40029A8CD /* MapState.swift */; };
		19B0B63C22BDA4E10029A8CD /* PinAnnotation.swift in Sources */ = {isa = PBXBuildFile; fileRef = 19B0B63B22BDA4E10029A8CD /* PinAnnotation.swift */; };
		19B0B64022BDA6740029A8CD /* LoadingViewController.swift in Sources */ = {isa = PBXBuildFile; fileRef = 19B0B63F22BDA6740029A8CD /* LoadingViewController.swift */; };
		19B0B64222BDA6B10029A8CD /* MapViewController.swift in Sources */ = {isa = PBXBuildFile; fileRef = 19B0B64122BDA6B10029A8CD /* MapViewController.swift */; };
		19B0B64522BDA8CF0029A8CD /* VirtualTourist.xcdatamodeld in Sources */ = {isa = PBXBuildFile; fileRef = 19B0B64322BDA8CF0029A8CD /* VirtualTourist.xcdatamodeld */; };
		19B0B64722BDC58A0029A8CD /* PinDetailViewController.swift in Sources */ = {isa = PBXBuildFile; fileRef = 19B0B64622BDC58A0029A8CD /* PinDetailViewController.swift */; };
/* End PBXBuildFile section */

/* Begin PBXFileReference section */
		19A60B6E22BC4BFC00BB2F90 /* Virtual Tourist.app */ = {isa = PBXFileReference; explicitFileType = wrapper.application; includeInIndex = 0; path = "Virtual Tourist.app"; sourceTree = BUILT_PRODUCTS_DIR; };
		19A60B7122BC4BFC00BB2F90 /* AppDelegate.swift */ = {isa = PBXFileReference; lastKnownFileType = sourcecode.swift; path = AppDelegate.swift; sourceTree = "<group>"; };
		19A60B7322BC4BFC00BB2F90 /* DataController.swift */ = {isa = PBXFileReference; lastKnownFileType = sourcecode.swift; path = DataController.swift; sourceTree = "<group>"; };
		19A60B7622BC4BFC00BB2F90 /* Base */ = {isa = PBXFileReference; lastKnownFileType = file.storyboard; name = Base; path = Base.lproj/Main.storyboard; sourceTree = "<group>"; };
		19A60B7822BC4C1000BB2F90 /* Assets.xcassets */ = {isa = PBXFileReference; lastKnownFileType = folder.assetcatalog; path = Assets.xcassets; sourceTree = "<group>"; };
		19A60B7B22BC4C1000BB2F90 /* Base */ = {isa = PBXFileReference; lastKnownFileType = file.storyboard; name = Base; path = Base.lproj/LaunchScreen.storyboard; sourceTree = "<group>"; };
		19A60B7D22BC4C1000BB2F90 /* Info.plist */ = {isa = PBXFileReference; lastKnownFileType = text.plist.xml; path = Info.plist; sourceTree = "<group>"; };
		19A60B8422BC4EB300BB2F90 /* Network.swift */ = {isa = PBXFileReference; lastKnownFileType = sourcecode.swift; path = Network.swift; sourceTree = "<group>"; };
		19A60B8622BC4F1400BB2F90 /* SearchPhotoResponse.swift */ = {isa = PBXFileReference; lastKnownFileType = sourcecode.swift; path = SearchPhotoResponse.swift; sourceTree = "<group>"; };
		19B0B63422BDA0940029A8CD /* PhotoCollectionViewCell.swift */ = {isa = PBXFileReference; lastKnownFileType = sourcecode.swift; path = PhotoCollectionViewCell.swift; sourceTree = "<group>"; };
		19B0B63922BDA4C40029A8CD /* MapState.swift */ = {isa = PBXFileReference; lastKnownFileType = sourcecode.swift; path = MapState.swift; sourceTree = "<group>"; };
		19B0B63B22BDA4E10029A8CD /* PinAnnotation.swift */ = {isa = PBXFileReference; lastKnownFileType = sourcecode.swift; path = PinAnnotation.swift; sourceTree = "<group>"; };
		19B0B63F22BDA6740029A8CD /* LoadingViewController.swift */ = {isa = PBXFileReference; lastKnownFileType = sourcecode.swift; path = LoadingViewController.swift; sourceTree = "<group>"; };
		19B0B64122BDA6B10029A8CD /* MapViewController.swift */ = {isa = PBXFileReference; lastKnownFileType = sourcecode.swift; path = MapViewController.swift; sourceTree = "<group>"; };
		19B0B64422BDA8CF0029A8CD /* VirtualTourist.xcdatamodel */ = {isa = PBXFileReference; lastKnownFileType = wrapper.xcdatamodel; path = VirtualTourist.xcdatamodel; sourceTree = "<group>"; };
		19B0B64622BDC58A0029A8CD /* PinDetailViewController.swift */ = {isa = PBXFileReference; lastKnownFileType = sourcecode.swift; path = PinDetailViewController.swift; sourceTree = "<group>"; };
/* End PBXFileReference section */

/* Begin PBXFrameworksBuildPhase section */
		19A60B6B22BC4BFC00BB2F90 /* Frameworks */ = {
			isa = PBXFrameworksBuildPhase;
			buildActionMask = 2147483647;
			files = (
			);
			runOnlyForDeploymentPostprocessing = 0;
		};
/* End PBXFrameworksBuildPhase section */

/* Begin PBXGroup section */
		19A60B6522BC4BFC00BB2F90 = {
			isa = PBXGroup;
			children = (
				19A60B7022BC4BFC00BB2F90 /* Virtual Tourist */,
				19A60B6F22BC4BFC00BB2F90 /* Products */,
			);
			sourceTree = "<group>";
		};
		19A60B6F22BC4BFC00BB2F90 /* Products */ = {
			isa = PBXGroup;
			children = (
				19A60B6E22BC4BFC00BB2F90 /* Virtual Tourist.app */,
			);
			name = Products;
			sourceTree = "<group>";
		};
		19A60B7022BC4BFC00BB2F90 /* Virtual Tourist */ = {
			isa = PBXGroup;
			children = (
				19A60B7D22BC4C1000BB2F90 /* Info.plist */,
				19A60B7122BC4BFC00BB2F90 /* AppDelegate.swift */,
				19A60B8322BC4E7800BB2F90 /* ClientNetworkRequest */,
				19B0B63622BDA0B30029A8CD /* Controller */,
				19B0B63822BDA4770029A8CD /* Model */,
				19B0B63722BDA0C80029A8CD /* Assets */,
			);
			path = "Virtual Tourist";
			sourceTree = "<group>";
		};
		19A60B8322BC4E7800BB2F90 /* ClientNetworkRequest */ = {
			isa = PBXGroup;
			children = (
				19A60B8422BC4EB300BB2F90 /* Network.swift */,
				19A60B8622BC4F1400BB2F90 /* SearchPhotoResponse.swift */,
			);
			path = ClientNetworkRequest;
			sourceTree = "<group>";
		};
		19B0B63622BDA0B30029A8CD /* Controller */ = {
			isa = PBXGroup;
			children = (
				19B0B63422BDA0940029A8CD /* PhotoCollectionViewCell.swift */,
				19A60B7322BC4BFC00BB2F90 /* DataController.swift */,
				19B0B63F22BDA6740029A8CD /* LoadingViewController.swift */,
				19B0B64122BDA6B10029A8CD /* MapViewController.swift */,
				19B0B64622BDC58A0029A8CD /* PinDetailViewController.swift */,
			);
			path = Controller;
			sourceTree = "<group>";
		};
		19B0B63722BDA0C80029A8CD /* Assets */ = {
			isa = PBXGroup;
			children = (
				19A60B7822BC4C1000BB2F90 /* Assets.xcassets */,
				19A60B7522BC4BFC00BB2F90 /* Main.storyboard */,
				19A60B7A22BC4C1000BB2F90 /* LaunchScreen.storyboard */,
			);
			path = Assets;
			sourceTree = "<group>";
		};
		19B0B63822BDA4770029A8CD /* Model */ = {
			isa = PBXGroup;
			children = (
				19B0B63922BDA4C40029A8CD /* MapState.swift */,
				19B0B63B22BDA4E10029A8CD /* PinAnnotation.swift */,
				19B0B64322BDA8CF0029A8CD /* VirtualTourist.xcdatamodeld */,
			);
			path = Model;
			sourceTree = "<group>";
		};
/* End PBXGroup section */

/* Begin PBXNativeTarget section */
		19A60B6D22BC4BFC00BB2F90 /* Virtual Tourist */ = {
			isa = PBXNativeTarget;
			buildConfigurationList = 19A60B8022BC4C1000BB2F90 /* Build configuration list for PBXNativeTarget "Virtual Tourist" */;
			buildPhases = (
				19A60B6A22BC4BFC00BB2F90 /* Sources */,
				19A60B6B22BC4BFC00BB2F90 /* Frameworks */,
				19A60B6C22BC4BFC00BB2F90 /* Resources */,
			);
			buildRules = (
			);
			dependencies = (
			);
			name = "Virtual Tourist";
			productName = "Virtual Tourist";
			productReference = 19A60B6E22BC4BFC00BB2F90 /* Virtual Tourist.app */;
			productType = "com.apple.product-type.application";
		};
/* End PBXNativeTarget section */

/* Begin PBXProject section */
		19A60B6622BC4BFC00BB2F90 /* Project object */ = {
			isa = PBXProject;
			attributes = {
				LastSwiftUpdateCheck = 1020;
				LastUpgradeCheck = 1020;
				ORGANIZATIONNAME = Me;
				TargetAttributes = {
					19A60B6D22BC4BFC00BB2F90 = {
						CreatedOnToolsVersion = 10.2.1;
					};
				};
			};
			buildConfigurationList = 19A60B6922BC4BFC00BB2F90 /* Build configuration list for PBXProject "Virtual Tourist" */;
			compatibilityVersion = "Xcode 9.3";
			developmentRegion = en;
			hasScannedForEncodings = 0;
			knownRegions = (
				en,
				Base,
			);
			mainGroup = 19A60B6522BC4BFC00BB2F90;
			productRefGroup = 19A60B6F22BC4BFC00BB2F90 /* Products */;
			projectDirPath = "";
			projectRoot = "";
			targets = (
				19A60B6D22BC4BFC00BB2F90 /* Virtual Tourist */,
			);
		};
/* End PBXProject section */

/* Begin PBXResourcesBuildPhase section */
		19A60B6C22BC4BFC00BB2F90 /* Resources */ = {
			isa = PBXResourcesBuildPhase;
			buildActionMask = 2147483647;
			files = (
				19A60B7C22BC4C1000BB2F90 /* LaunchScreen.storyboard in Resources */,
				19A60B7922BC4C1000BB2F90 /* Assets.xcassets in Resources */,
				19A60B7722BC4BFC00BB2F90 /* Main.storyboard in Resources */,
			);
			runOnlyForDeploymentPostprocessing = 0;
		};
/* End PBXResourcesBuildPhase section */

/* Begin PBXSourcesBuildPhase section */
		19A60B6A22BC4BFC00BB2F90 /* Sources */ = {
			isa = PBXSourcesBuildPhase;
			buildActionMask = 2147483647;
			files = (
				19B0B63A22BDA4C40029A8CD /* MapState.swift in Sources */,
				19A60B7422BC4BFC00BB2F90 /* DataController.swift in Sources */,
				19B0B64222BDA6B10029A8CD /* MapViewController.swift in Sources */,
				19B0B64522BDA8CF0029A8CD /* VirtualTourist.xcdatamodeld in Sources */,
				19A60B7222BC4BFC00BB2F90 /* AppDelegate.swift in Sources */,
				19B0B64722BDC58A0029A8CD /* PinDetailViewController.swift in Sources */,
				19A60B8522BC4EB400BB2F90 /* Network.swift in Sources */,
				19B0B64022BDA6740029A8CD /* LoadingViewController.swift in Sources */,
				19A60B8722BC4F1400BB2F90 /* SearchPhotoResponse.swift in Sources */,
				19B0B63522BDA0940029A8CD /* PhotoCollectionViewCell.swift in Sources */,
				19B0B63C22BDA4E10029A8CD /* PinAnnotation.swift in Sources */,
			);
			runOnlyForDeploymentPostprocessing = 0;
		};
/* End PBXSourcesBuildPhase section */

/* Begin PBXVariantGroup section */
		19A60B7522BC4BFC00BB2F90 /* Main.storyboard */ = {
			isa = PBXVariantGroup;
			children = (
				19A60B7622BC4BFC00BB2F90 /* Base */,
			);
			name = Main.storyboard;
			sourceTree = "<group>";
		};
		19A60B7A22BC4C1000BB2F90 /* LaunchScreen.storyboard */ = {
			isa = PBXVariantGroup;
			children = (
				19A60B7B22BC4C1000BB2F90 /* Base */,
			);
			name = LaunchScreen.storyboard;
			sourceTree = "<group>";
		};
/* End PBXVariantGroup section */

/* Begin XCBuildConfiguration section */
		19A60B7E22BC4C1000BB2F90 /* Debug */ = {
			isa = XCBuildConfiguration;
			buildSettings = {
				ALWAYS_SEARCH_USER_PATHS = NO;
				CLANG_ANALYZER_NONNULL = YES;
				CLANG_ANALYZER_NUMBER_OBJECT_CONVERSION = YES_AGGRESSIVE;
				CLANG_CXX_LANGUAGE_STANDARD = "gnu++14";
				CLANG_CXX_LIBRARY = "libc++";
				CLANG_ENABLE_MODULES = YES;
				CLANG_ENABLE_OBJC_ARC = YES;
				CLANG_ENABLE_OBJC_WEAK = YES;
				CLANG_WARN_BLOCK_CAPTURE_AUTORELEASING = YES;
				CLANG_WARN_BOOL_CONVERSION = YES;
				CLANG_WARN_COMMA = YES;
				CLANG_WARN_CONSTANT_CONVERSION = YES;
				CLANG_WARN_DEPRECATED_OBJC_IMPLEMENTATIONS = YES;
				CLANG_WARN_DIRECT_OBJC_ISA_USAGE = YES_ERROR;
				CLANG_WARN_DOCUMENTATION_COMMENTS = YES;
				CLANG_WARN_EMPTY_BODY = YES;
				CLANG_WARN_ENUM_CONVERSION = YES;
				CLANG_WARN_INFINITE_RECURSION = YES;
				CLANG_WARN_INT_CONVERSION = YES;
				CLANG_WARN_NON_LITERAL_NULL_CONVERSION = YES;
				CLANG_WARN_OBJC_IMPLICIT_RETAIN_SELF = YES;
				CLANG_WARN_OBJC_LITERAL_CONVERSION = YES;
				CLANG_WARN_OBJC_ROOT_CLASS = YES_ERROR;
				CLANG_WARN_RANGE_LOOP_ANALYSIS = YES;
				CLANG_WARN_STRICT_PROTOTYPES = YES;
				CLANG_WARN_SUSPICIOUS_MOVE = YES;
				CLANG_WARN_UNGUARDED_AVAILABILITY = YES_AGGRESSIVE;
				CLANG_WARN_UNREACHABLE_CODE = YES;
				CLANG_WARN__DUPLICATE_METHOD_MATCH = YES;
				CODE_SIGN_IDENTITY = "iPhone Developer";
				COPY_PHASE_STRIP = NO;
				DEBUG_INFORMATION_FORMAT = dwarf;
				ENABLE_STRICT_OBJC_MSGSEND = YES;
				ENABLE_TESTABILITY = YES;
				GCC_C_LANGUAGE_STANDARD = gnu11;
				GCC_DYNAMIC_NO_PIC = NO;
				GCC_NO_COMMON_BLOCKS = YES;
				GCC_OPTIMIZATION_LEVEL = 0;
				GCC_PREPROCESSOR_DEFINITIONS = (
					"DEBUG=1",
					"$(inherited)",
				);
				GCC_WARN_64_TO_32_BIT_CONVERSION = YES;
				GCC_WARN_ABOUT_RETURN_TYPE = YES_ERROR;
				GCC_WARN_UNDECLARED_SELECTOR = YES;
				GCC_WARN_UNINITIALIZED_AUTOS = YES_AGGRESSIVE;
				GCC_WARN_UNUSED_FUNCTION = YES;
				GCC_WARN_UNUSED_VARIABLE = YES;
				IPHONEOS_DEPLOYMENT_TARGET = 12.2;
				MTL_ENABLE_DEBUG_INFO = INCLUDE_SOURCE;
				MTL_FAST_MATH = YES;
				ONLY_ACTIVE_ARCH = YES;
				SDKROOT = iphoneos;
				SWIFT_ACTIVE_COMPILATION_CONDITIONS = DEBUG;
				SWIFT_OPTIMIZATION_LEVEL = "-Onone";
			};
			name = Debug;
		};
		19A60B7F22BC4C1000BB2F90 /* Release */ = {
			isa = XCBuildConfiguration;
			buildSettings = {
				ALWAYS_SEARCH_USER_PATHS = NO;
				CLANG_ANALYZER_NONNULL = YES;
				CLANG_ANALYZER_NUMBER_OBJECT_CONVERSION = YES_AGGRESSIVE;
				CLANG_CXX_LANGUAGE_STANDARD = "gnu++14";
				CLANG_CXX_LIBRARY = "libc++";
				CLANG_ENABLE_MODULES = YES;
				CLANG_ENABLE_OBJC_ARC = YES;
				CLANG_ENABLE_OBJC_WEAK = YES;
				CLANG_WARN_BLOCK_CAPTURE_AUTORELEASING = YES;
				CLANG_WARN_BOOL_CONVERSION = YES;
				CLANG_WARN_COMMA = YES;
				CLANG_WARN_CONSTANT_CONVERSION = YES;
				CLANG_WARN_DEPRECATED_OBJC_IMPLEMENTATIONS = YES;
				CLANG_WARN_DIRECT_OBJC_ISA_USAGE = YES_ERROR;
				CLANG_WARN_DOCUMENTATION_COMMENTS = YES;
				CLANG_WARN_EMPTY_BODY = YES;
				CLANG_WARN_ENUM_CONVERSION = YES;
				CLANG_WARN_INFINITE_RECURSION = YES;
				CLANG_WARN_INT_CONVERSION = YES;
				CLANG_WARN_NON_LITERAL_NULL_CONVERSION = YES;
				CLANG_WARN_OBJC_IMPLICIT_RETAIN_SELF = YES;
				CLANG_WARN_OBJC_LITERAL_CONVERSION = YES;
				CLANG_WARN_OBJC_ROOT_CLASS = YES_ERROR;
				CLANG_WARN_RANGE_LOOP_ANALYSIS = YES;
				CLANG_WARN_STRICT_PROTOTYPES = YES;
				CLANG_WARN_SUSPICIOUS_MOVE = YES;
				CLANG_WARN_UNGUARDED_AVAILABILITY = YES_AGGRESSIVE;
				CLANG_WARN_UNREACHABLE_CODE = YES;
				CLANG_WARN__DUPLICATE_METHOD_MATCH = YES;
				CODE_SIGN_IDENTITY = "iPhone Developer";
				COPY_PHASE_STRIP = NO;
				DEBUG_INFORMATION_FORMAT = "dwarf-with-dsym";
				ENABLE_NS_ASSERTIONS = NO;
				ENABLE_STRICT_OBJC_MSGSEND = YES;
				GCC_C_LANGUAGE_STANDARD = gnu11;
				GCC_NO_COMMON_BLOCKS = YES;
				GCC_WARN_64_TO_32_BIT_CONVERSION = YES;
				GCC_WARN_ABOUT_RETURN_TYPE = YES_ERROR;
				GCC_WARN_UNDECLARED_SELECTOR = YES;
				GCC_WARN_UNINITIALIZED_AUTOS = YES_AGGRESSIVE;
				GCC_WARN_UNUSED_FUNCTION = YES;
				GCC_WARN_UNUSED_VARIABLE = YES;
				IPHONEOS_DEPLOYMENT_TARGET = 12.2;
				MTL_ENABLE_DEBUG_INFO = NO;
				MTL_FAST_MATH = YES;
				SDKROOT = iphoneos;
				SWIFT_COMPILATION_MODE = wholemodule;
				SWIFT_OPTIMIZATION_LEVEL = "-O";
				VALIDATE_PRODUCT = YES;
			};
			name = Release;
		};
		19A60B8122BC4C1000BB2F90 /* Debug */ = {
			isa = XCBuildConfiguration;
			buildSettings = {
				ASSETCATALOG_COMPILER_APPICON_NAME = AppIcon;
				CODE_SIGN_STYLE = Automatic;
				DEVELOPMENT_TEAM = LX2PS5CHHC;
				INFOPLIST_FILE = "Virtual Tourist/Info.plist";
				LD_RUNPATH_SEARCH_PATHS = (
					"$(inherited)",
					"@executable_path/Frameworks",
				);
				PRODUCT_BUNDLE_IDENTIFIER = "Me.Virtual-Tourist";
				PRODUCT_NAME = "$(TARGET_NAME)";
				SWIFT_VERSION = 5.0;
				TARGETED_DEVICE_FAMILY = "1,2";
			};
			name = Debug;
		};
		19A60B8222BC4C1000BB2F90 /* Release */ = {
			isa = XCBuildConfiguration;
			buildSettings = {
				ASSETCATALOG_COMPILER_APPICON_NAME = AppIcon;
				CODE_SIGN_STYLE = Automatic;
				DEVELOPMENT_TEAM = LX2PS5CHHC;
				INFOPLIST_FILE = "Virtual Tourist/Info.plist";
				LD_RUNPATH_SEARCH_PATHS = (
					"$(inherited)",
					"@executable_path/Frameworks",
				);
				PRODUCT_BUNDLE_IDENTIFIER = "Me.Virtual-Tourist";
				PRODUCT_NAME = "$(TARGET_NAME)";
				SWIFT_VERSION = 5.0;
				TARGETED_DEVICE_FAMILY = "1,2";
			};
			name = Release;
		};
/* End XCBuildConfiguration section */

/* Begin XCConfigurationList section */
		19A60B6922BC4BFC00BB2F90 /* Build configuration list for PBXProject "Virtual Tourist" */ = {
			isa = XCConfigurationList;
			buildConfigurations = (
				19A60B7E22BC4C1000BB2F90 /* Debug */,
				19A60B7F22BC4C1000BB2F90 /* Release */,
			);
			defaultConfigurationIsVisible = 0;
			defaultConfigurationName = Release;
		};
		19A60B8022BC4C1000BB2F90 /* Build configuration list for PBXNativeTarget "Virtual Tourist" */ = {
			isa = XCConfigurationList;
			buildConfigurations = (
				19A60B8122BC4C1000BB2F90 /* Debug */,
				19A60B8222BC4C1000BB2F90 /* Release */,
			);
			defaultConfigurationIsVisible = 0;
			defaultConfigurationName = Release;
		};
/* End XCConfigurationList section */

/* Begin XCVersionGroup section */
		19B0B64322BDA8CF0029A8CD /* VirtualTourist.xcdatamodeld */ = {
			isa = XCVersionGroup;
			children = (
				19B0B64422BDA8CF0029A8CD /* VirtualTourist.xcdatamodel */,
			);
			currentVersion = 19B0B64422BDA8CF0029A8CD /* VirtualTourist.xcdatamodel */;
			path = VirtualTourist.xcdatamodeld;
			sourceTree = "<group>";
			versionGroupType = wrapper.xcdatamodel;
		};
/* End XCVersionGroup section */
	};
	rootObject = 19A60B6622BC4BFC00BB2F90 /* Project object */;
}
